
Microsoft Visual Studio Solution File, Format Version 12.00
# Visual Studio Version 17
VisualStudioVersion = 17.9.34723.18
MinimumVisualStudioVersion = 10.0.40219.1
Project("{FAE04EC0-301F-11D3-BF4B-00C04F79EFBC}") = "CollectionProblems", "CollectionProblems.csproj", "{29D0872C-902D-4BFB-BD05-A1F81580C551}"
EndProject
Global
	GlobalSection(SolutionConfigurationPlatforms) = preSolution
		Debug|Any CPU = Debug|Any CPU
		Release|Any CPU = Release|Any CPU
	EndGlobalSection
	GlobalSection(ProjectConfigurationPlatforms) = postSolution
		{29D0872C-902D-4BFB-BD05-A1F81580C551}.Debug|Any CPU.ActiveCfg = Debug|Any CPU
		{29D0872C-902D-4BFB-BD05-A1F81580C551}.Debug|Any CPU.Build.0 = Debug|Any CPU
		{29D0872C-902D-4BFB-BD05-A1F81580C551}.Release|Any CPU.ActiveCfg = Release|Any CPU
		{29D0872C-902D-4BFB-BD05-A1F81580C551}.Release|Any CPU.Build.0 = Release|Any CPU
	EndGlobalSection
	GlobalSection(SolutionProperties) = preSolution
		HideSolutionNode = FALSE
	EndGlobalSection
	GlobalSection(ExtensibilityGlobals) = postSolution
		SolutionGuid = {8BC70FF9-DD36-4092-893F-7DABFBAFD185}
	EndGlobalSection
EndGlobal
